// !$*UTF8*$!
{
	archiveVersion = 1;
	classes = {
	};
	objectVersion = 50;
	objects = {

/* Begin PBXBuildFile section */
		451A4D0522B76D7800496A8F /* ConvertCurrencyResponse.swift in Sources */ = {isa = PBXBuildFile; fileRef = 451A4D0422B76D7800496A8F /* ConvertCurrencyResponse.swift */; };
		451A4D0822B770D200496A8F /* CurrencyJSONEncoder.swift in Sources */ = {isa = PBXBuildFile; fileRef = 451A4D0722B770D200496A8F /* CurrencyJSONEncoder.swift */; };
		451A4D0E22B7970100496A8F /* CurrencyRatesVC.swift in Sources */ = {isa = PBXBuildFile; fileRef = 451A4D0C22B7970100496A8F /* CurrencyRatesVC.swift */; };
		451A4D0F22B7970100496A8F /* CurrencyRatesVC.xib in Resources */ = {isa = PBXBuildFile; fileRef = 451A4D0D22B7970100496A8F /* CurrencyRatesVC.xib */; };
		451A4D1322B7993300496A8F /* Coordinator.swift in Sources */ = {isa = PBXBuildFile; fileRef = 451A4D1222B7993300496A8F /* Coordinator.swift */; };
		451A4D1722B79BC500496A8F /* CurrencyCoordinator.swift in Sources */ = {isa = PBXBuildFile; fileRef = 451A4D1622B79BC500496A8F /* CurrencyCoordinator.swift */; };
		451A4D1922B79BF100496A8F /* CurrencyRatesAssembly.swift in Sources */ = {isa = PBXBuildFile; fileRef = 451A4D1822B79BF100496A8F /* CurrencyRatesAssembly.swift */; };
		451A4D1B22B79CAA00496A8F /* ViewControllerAssembly.swift in Sources */ = {isa = PBXBuildFile; fileRef = 451A4D1A22B79CAA00496A8F /* ViewControllerAssembly.swift */; };
		451A4D1D22B79CCC00496A8F /* BaseViewControllerAssembly.swift in Sources */ = {isa = PBXBuildFile; fileRef = 451A4D1C22B79CCC00496A8F /* BaseViewControllerAssembly.swift */; };
		451A4D1F22B79D9B00496A8F /* CurrencyRatesViewModel.swift in Sources */ = {isa = PBXBuildFile; fileRef = 451A4D1E22B79D9B00496A8F /* CurrencyRatesViewModel.swift */; };
		451A4D2422B79FA900496A8F /* CurrencyListVC.swift in Sources */ = {isa = PBXBuildFile; fileRef = 451A4D2222B79FA900496A8F /* CurrencyListVC.swift */; };
		451A4D2522B79FA900496A8F /* CurrencyListVC.xib in Resources */ = {isa = PBXBuildFile; fileRef = 451A4D2322B79FA900496A8F /* CurrencyListVC.xib */; };
		451A4D2722B79FB100496A8F /* CurrencyListViewModel.swift in Sources */ = {isa = PBXBuildFile; fileRef = 451A4D2622B79FB100496A8F /* CurrencyListViewModel.swift */; };
		451A4D2922B79FC000496A8F /* CurrencyConvertViewModel.swift in Sources */ = {isa = PBXBuildFile; fileRef = 451A4D2822B79FC000496A8F /* CurrencyConvertViewModel.swift */; };
		451A4D2C22B79FD700496A8F /* CurrencyConvertVC.swift in Sources */ = {isa = PBXBuildFile; fileRef = 451A4D2A22B79FD700496A8F /* CurrencyConvertVC.swift */; };
		451A4D2D22B79FD700496A8F /* CurrencyConvertVC.xib in Resources */ = {isa = PBXBuildFile; fileRef = 451A4D2B22B79FD700496A8F /* CurrencyConvertVC.xib */; };
		451A4D2F22B7A08C00496A8F /* CurrencyRate.swift in Sources */ = {isa = PBXBuildFile; fileRef = 451A4D2E22B7A08C00496A8F /* CurrencyRate.swift */; };
		451A4D3122B7A0BE00496A8F /* Currency.swift in Sources */ = {isa = PBXBuildFile; fileRef = 451A4D3022B7A0BE00496A8F /* Currency.swift */; };
		451A4D3422B7A2FA00496A8F /* CurrencyRatesDTOParser.swift in Sources */ = {isa = PBXBuildFile; fileRef = 451A4D3322B7A2FA00496A8F /* CurrencyRatesDTOParser.swift */; };
		451A4D3622B7A35300496A8F /* CurrencyRates.swift in Sources */ = {isa = PBXBuildFile; fileRef = 451A4D3522B7A35300496A8F /* CurrencyRates.swift */; };
		451A4D3822B7A46000496A8F /* CurrencyJSONDecoder.swift in Sources */ = {isa = PBXBuildFile; fileRef = 451A4D3722B7A46000496A8F /* CurrencyJSONDecoder.swift */; };
		451A4D3A22B7A49B00496A8F /* CurrencyApi.swift in Sources */ = {isa = PBXBuildFile; fileRef = 451A4D3922B7A49B00496A8F /* CurrencyApi.swift */; };
		451A4D3C22B88BA300496A8F /* CurrencyListAssembly.swift in Sources */ = {isa = PBXBuildFile; fileRef = 451A4D3B22B88BA300496A8F /* CurrencyListAssembly.swift */; };
		451A4D3E22B88D0300496A8F /* CurrencyConvertAssembly.swift in Sources */ = {isa = PBXBuildFile; fileRef = 451A4D3D22B88D0300496A8F /* CurrencyConvertAssembly.swift */; };
		451A4D4122B8971D00496A8F /* SequenceExt.swift in Sources */ = {isa = PBXBuildFile; fileRef = 451A4D4022B8971D00496A8F /* SequenceExt.swift */; };
		451A4D4322B8972F00496A8F /* StringExt.swift in Sources */ = {isa = PBXBuildFile; fileRef = 451A4D4222B8972F00496A8F /* StringExt.swift */; };
		451A4D4522B89EC600496A8F /* AppSettings.swift in Sources */ = {isa = PBXBuildFile; fileRef = 451A4D4422B89EC600496A8F /* AppSettings.swift */; };
		451A4D4722B8A52D00496A8F /* IAppSettings.swift in Sources */ = {isa = PBXBuildFile; fileRef = 451A4D4622B8A52D00496A8F /* IAppSettings.swift */; };
		451A4D4F22B8D08900496A8F /* CurrencyListTableAdapter.swift in Sources */ = {isa = PBXBuildFile; fileRef = 451A4D4E22B8D08900496A8F /* CurrencyListTableAdapter.swift */; };
		451A4D5122B8D0A200496A8F /* CurrencyListTableDataSource.swift in Sources */ = {isa = PBXBuildFile; fileRef = 451A4D5022B8D0A200496A8F /* CurrencyListTableDataSource.swift */; };
		451A4D5322B8D47000496A8F /* CurrencyListTVCModel.swift in Sources */ = {isa = PBXBuildFile; fileRef = 451A4D5222B8D47000496A8F /* CurrencyListTVCModel.swift */; };
		451A4D5622B8D48F00496A8F /* CurrencyListTVC.swift in Sources */ = {isa = PBXBuildFile; fileRef = 451A4D5422B8D48F00496A8F /* CurrencyListTVC.swift */; };
		451A4D5722B8D48F00496A8F /* CurrencyListTVC.xib in Resources */ = {isa = PBXBuildFile; fileRef = 451A4D5522B8D48F00496A8F /* CurrencyListTVC.xib */; };
		451A4D5922B8D7D100496A8F /* GetSupportedSymbolsRequest.swift in Sources */ = {isa = PBXBuildFile; fileRef = 451A4D5822B8D7D100496A8F /* GetSupportedSymbolsRequest.swift */; };
		451A4D5B22B8D7FD00496A8F /* GetSupportedSymbolsResponse.swift in Sources */ = {isa = PBXBuildFile; fileRef = 451A4D5A22B8D7FD00496A8F /* GetSupportedSymbolsResponse.swift */; };
		451A4D5D22B8D8F900496A8F /* CurrencyDTOParser.swift in Sources */ = {isa = PBXBuildFile; fileRef = 451A4D5C22B8D8F900496A8F /* CurrencyDTOParser.swift */; };
		45565B5C22B7558600615BA4 /* CurrencyApiClient.swift in Sources */ = {isa = PBXBuildFile; fileRef = 45565B5B22B7558600615BA4 /* CurrencyApiClient.swift */; };
		45565B5E22B75A1800615BA4 /* ChangeBaseCurrencyResponse.swift in Sources */ = {isa = PBXBuildFile; fileRef = 45565B5D22B75A1800615BA4 /* ChangeBaseCurrencyResponse.swift */; };
		45565B6022B76AEB00615BA4 /* ConvertCurrencyRequest.swift in Sources */ = {isa = PBXBuildFile; fileRef = 45565B5F22B76AEB00615BA4 /* ConvertCurrencyRequest.swift */; };
		5F76CC8332CDC0D52AC285A3 /* Pods_CTranslate.framework in Frameworks */ = {isa = PBXBuildFile; fileRef = 0501599D4AFC2128A307EB2F /* Pods_CTranslate.framework */; };
		FA224FF922B7F6F800FB1369 /* RTableView.swift in Sources */ = {isa = PBXBuildFile; fileRef = FA224FF822B7F6F800FB1369 /* RTableView.swift */; };
		FA224FFB22B7F71F00FB1369 /* RTableViewDataSource.swift in Sources */ = {isa = PBXBuildFile; fileRef = FA224FFA22B7F71F00FB1369 /* RTableViewDataSource.swift */; };
		FA224FFD22B7F74C00FB1369 /* RBaseTableViewDataSource.swift in Sources */ = {isa = PBXBuildFile; fileRef = FA224FFC22B7F74C00FB1369 /* RBaseTableViewDataSource.swift */; };
		FA224FFF22B7F7F200FB1369 /* RTableViewCell.swift in Sources */ = {isa = PBXBuildFile; fileRef = FA224FFE22B7F7F100FB1369 /* RTableViewCell.swift */; };
		FA22500122B7F80400FB1369 /* RTableViewCellModel.swift in Sources */ = {isa = PBXBuildFile; fileRef = FA22500022B7F80400FB1369 /* RTableViewCellModel.swift */; };
		FA22500322B7F82800FB1369 /* RTableViewAdapter.swift in Sources */ = {isa = PBXBuildFile; fileRef = FA22500222B7F82800FB1369 /* RTableViewAdapter.swift */; };
		FA22500522B7F8B000FB1369 /* ILifetimeHolder.swift in Sources */ = {isa = PBXBuildFile; fileRef = FA22500422B7F8B000FB1369 /* ILifetimeHolder.swift */; };
		FA22500822B7F95400FB1369 /* View.swift in Sources */ = {isa = PBXBuildFile; fileRef = FA22500722B7F95400FB1369 /* View.swift */; };
		FA22500D22B7FCDD00FB1369 /* CurrencyRatesTableAdapter.swift in Sources */ = {isa = PBXBuildFile; fileRef = FA22500C22B7FCDD00FB1369 /* CurrencyRatesTableAdapter.swift */; };
		FA22500F22B7FCE800FB1369 /* CurrencyRatesTableDataSource.swift in Sources */ = {isa = PBXBuildFile; fileRef = FA22500E22B7FCE800FB1369 /* CurrencyRatesTableDataSource.swift */; };
		FA22501222B7FCFE00FB1369 /* CurrencyRateTVC.swift in Sources */ = {isa = PBXBuildFile; fileRef = FA22501022B7FCFE00FB1369 /* CurrencyRateTVC.swift */; };
		FA22501322B7FCFE00FB1369 /* CurrencyRateTVC.xib in Resources */ = {isa = PBXBuildFile; fileRef = FA22501122B7FCFE00FB1369 /* CurrencyRateTVC.xib */; };
		FA22501522B7FDF000FB1369 /* CurrencyRateTVCModel.swift in Sources */ = {isa = PBXBuildFile; fileRef = FA22501422B7FDF000FB1369 /* CurrencyRateTVCModel.swift */; };
		FA22501822B94F8A00FB1369 /* CurrencyFilter.swift in Sources */ = {isa = PBXBuildFile; fileRef = FA22501722B94F8A00FB1369 /* CurrencyFilter.swift */; };
		FA22501C22B9582500FB1369 /* ViewController.swift in Sources */ = {isa = PBXBuildFile; fileRef = FA22501B22B9582500FB1369 /* ViewController.swift */; };
		FA22501E22B9589700FB1369 /* BaseViewModel.swift in Sources */ = {isa = PBXBuildFile; fileRef = FA22501D22B9589700FB1369 /* BaseViewModel.swift */; };
		FA298E4F22B620BF00FE8BE9 /* AppDelegate.swift in Sources */ = {isa = PBXBuildFile; fileRef = FA298E4E22B620BF00FE8BE9 /* AppDelegate.swift */; };
		FA298E5622B620C100FE8BE9 /* Assets.xcassets in Resources */ = {isa = PBXBuildFile; fileRef = FA298E5522B620C100FE8BE9 /* Assets.xcassets */; };
		FA298E5922B620C100FE8BE9 /* LaunchScreen.storyboard in Resources */ = {isa = PBXBuildFile; fileRef = FA298E5722B620C100FE8BE9 /* LaunchScreen.storyboard */; };
		FA298E6622B6245900FE8BE9 /* ICurrencyService.swift in Sources */ = {isa = PBXBuildFile; fileRef = FA298E6522B6245900FE8BE9 /* ICurrencyService.swift */; };
		FA298E6822B625D900FE8BE9 /* CurrencyService.swift in Sources */ = {isa = PBXBuildFile; fileRef = FA298E6722B625D900FE8BE9 /* CurrencyService.swift */; };
		FA298E6A22B6261800FE8BE9 /* GetRatesResponse.swift in Sources */ = {isa = PBXBuildFile; fileRef = FA298E6922B6261800FE8BE9 /* GetRatesResponse.swift */; };
		FA298E7A22B64FBF00FE8BE9 /* ApiRequest.swift in Sources */ = {isa = PBXBuildFile; fileRef = FA298E7922B64FBF00FE8BE9 /* ApiRequest.swift */; };
		FA298E7C22B64FCE00FE8BE9 /* ApiResponse.swift in Sources */ = {isa = PBXBuildFile; fileRef = FA298E7B22B64FCE00FE8BE9 /* ApiResponse.swift */; };
		FA298E7F22B6509B00FE8BE9 /* Result.swift in Sources */ = {isa = PBXBuildFile; fileRef = FA298E7E22B6509B00FE8BE9 /* Result.swift */; };
		FA298E8122B650B100FE8BE9 /* ApiError.swift in Sources */ = {isa = PBXBuildFile; fileRef = FA298E8022B650B100FE8BE9 /* ApiError.swift */; };
		FA298E8322B650E200FE8BE9 /* HTTPParameter.swift in Sources */ = {isa = PBXBuildFile; fileRef = FA298E8222B650E200FE8BE9 /* HTTPParameter.swift */; };
		FA298E8522B650EE00FE8BE9 /* URLQueryEncoder.swift in Sources */ = {isa = PBXBuildFile; fileRef = FA298E8422B650EE00FE8BE9 /* URLQueryEncoder.swift */; };
		FA298E8722B651CC00FE8BE9 /* GetLatestRatesRequest.swift in Sources */ = {isa = PBXBuildFile; fileRef = FA298E8622B651CC00FE8BE9 /* GetLatestRatesRequest.swift */; };
		FA298E8922B652C300FE8BE9 /* ApiClient.swift in Sources */ = {isa = PBXBuildFile; fileRef = FA298E8822B652C300FE8BE9 /* ApiClient.swift */; };
		FA298E8B22B65ABE00FE8BE9 /* DependencyContainer.swift in Sources */ = {isa = PBXBuildFile; fileRef = FA298E8A22B65ABE00FE8BE9 /* DependencyContainer.swift */; };
		FA298E8D22B65B7B00FE8BE9 /* Api.swift in Sources */ = {isa = PBXBuildFile; fileRef = FA298E8C22B65B7B00FE8BE9 /* Api.swift */; };
		FA298E9122B66A8A00FE8BE9 /* ChangeBaseCurrencyRequest.swift in Sources */ = {isa = PBXBuildFile; fileRef = FA298E9022B66A8A00FE8BE9 /* ChangeBaseCurrencyRequest.swift */; };
		FA3BD2AE22B96BF5000F6E23 /* SignalExt.swift in Sources */ = {isa = PBXBuildFile; fileRef = FA3BD2AD22B96BF5000F6E23 /* SignalExt.swift */; };
/* End PBXBuildFile section */

/* Begin PBXFileReference section */
		0501599D4AFC2128A307EB2F /* Pods_CTranslate.framework */ = {isa = PBXFileReference; explicitFileType = wrapper.framework; includeInIndex = 0; path = Pods_CTranslate.framework; sourceTree = BUILT_PRODUCTS_DIR; };
		12FC98574867CB9CC5BE29A1 /* Pods-CTranslate.debug.xcconfig */ = {isa = PBXFileReference; includeInIndex = 1; lastKnownFileType = text.xcconfig; name = "Pods-CTranslate.debug.xcconfig"; path = "Target Support Files/Pods-CTranslate/Pods-CTranslate.debug.xcconfig"; sourceTree = "<group>"; };
		451A4D0422B76D7800496A8F /* ConvertCurrencyResponse.swift */ = {isa = PBXFileReference; lastKnownFileType = sourcecode.swift; path = ConvertCurrencyResponse.swift; sourceTree = "<group>"; };
		451A4D0722B770D200496A8F /* CurrencyJSONEncoder.swift */ = {isa = PBXFileReference; lastKnownFileType = sourcecode.swift; path = CurrencyJSONEncoder.swift; sourceTree = "<group>"; };
		451A4D0C22B7970100496A8F /* CurrencyRatesVC.swift */ = {isa = PBXFileReference; lastKnownFileType = sourcecode.swift; path = CurrencyRatesVC.swift; sourceTree = "<group>"; };
		451A4D0D22B7970100496A8F /* CurrencyRatesVC.xib */ = {isa = PBXFileReference; lastKnownFileType = file.xib; path = CurrencyRatesVC.xib; sourceTree = "<group>"; };
		451A4D1222B7993300496A8F /* Coordinator.swift */ = {isa = PBXFileReference; lastKnownFileType = sourcecode.swift; path = Coordinator.swift; sourceTree = "<group>"; };
		451A4D1622B79BC500496A8F /* CurrencyCoordinator.swift */ = {isa = PBXFileReference; lastKnownFileType = sourcecode.swift; path = CurrencyCoordinator.swift; sourceTree = "<group>"; };
		451A4D1822B79BF100496A8F /* CurrencyRatesAssembly.swift */ = {isa = PBXFileReference; lastKnownFileType = sourcecode.swift; path = CurrencyRatesAssembly.swift; sourceTree = "<group>"; };
		451A4D1A22B79CAA00496A8F /* ViewControllerAssembly.swift */ = {isa = PBXFileReference; lastKnownFileType = sourcecode.swift; path = ViewControllerAssembly.swift; sourceTree = "<group>"; };
		451A4D1C22B79CCC00496A8F /* BaseViewControllerAssembly.swift */ = {isa = PBXFileReference; lastKnownFileType = sourcecode.swift; path = BaseViewControllerAssembly.swift; sourceTree = "<group>"; };
		451A4D1E22B79D9B00496A8F /* CurrencyRatesViewModel.swift */ = {isa = PBXFileReference; lastKnownFileType = sourcecode.swift; path = CurrencyRatesViewModel.swift; sourceTree = "<group>"; };
		451A4D2222B79FA900496A8F /* CurrencyListVC.swift */ = {isa = PBXFileReference; lastKnownFileType = sourcecode.swift; path = CurrencyListVC.swift; sourceTree = "<group>"; };
		451A4D2322B79FA900496A8F /* CurrencyListVC.xib */ = {isa = PBXFileReference; lastKnownFileType = file.xib; path = CurrencyListVC.xib; sourceTree = "<group>"; };
		451A4D2622B79FB100496A8F /* CurrencyListViewModel.swift */ = {isa = PBXFileReference; lastKnownFileType = sourcecode.swift; path = CurrencyListViewModel.swift; sourceTree = "<group>"; };
		451A4D2822B79FC000496A8F /* CurrencyConvertViewModel.swift */ = {isa = PBXFileReference; lastKnownFileType = sourcecode.swift; path = CurrencyConvertViewModel.swift; sourceTree = "<group>"; };
		451A4D2A22B79FD700496A8F /* CurrencyConvertVC.swift */ = {isa = PBXFileReference; lastKnownFileType = sourcecode.swift; path = CurrencyConvertVC.swift; sourceTree = "<group>"; };
		451A4D2B22B79FD700496A8F /* CurrencyConvertVC.xib */ = {isa = PBXFileReference; lastKnownFileType = file.xib; path = CurrencyConvertVC.xib; sourceTree = "<group>"; };
		451A4D2E22B7A08C00496A8F /* CurrencyRate.swift */ = {isa = PBXFileReference; lastKnownFileType = sourcecode.swift; name = CurrencyRate.swift; path = CurrencyCoverter/UI/Components/CurrencyConverter/CurrencyRate.swift; sourceTree = SOURCE_ROOT; };
		451A4D3022B7A0BE00496A8F /* Currency.swift */ = {isa = PBXFileReference; lastKnownFileType = sourcecode.swift; name = Currency.swift; path = CurrencyCoverter/UI/Components/CurrencyConverter/Currency.swift; sourceTree = SOURCE_ROOT; };
		451A4D3322B7A2FA00496A8F /* CurrencyRatesDTOParser.swift */ = {isa = PBXFileReference; lastKnownFileType = sourcecode.swift; path = CurrencyRatesDTOParser.swift; sourceTree = "<group>"; };
		451A4D3522B7A35300496A8F /* CurrencyRates.swift */ = {isa = PBXFileReference; lastKnownFileType = sourcecode.swift; name = CurrencyRates.swift; path = CurrencyCoverter/Model/Parsers/CurrencyRates.swift; sourceTree = SOURCE_ROOT; };
		451A4D3722B7A46000496A8F /* CurrencyJSONDecoder.swift */ = {isa = PBXFileReference; lastKnownFileType = sourcecode.swift; path = CurrencyJSONDecoder.swift; sourceTree = "<group>"; };
		451A4D3922B7A49B00496A8F /* CurrencyApi.swift */ = {isa = PBXFileReference; lastKnownFileType = sourcecode.swift; path = CurrencyApi.swift; sourceTree = "<group>"; };
		451A4D3B22B88BA300496A8F /* CurrencyListAssembly.swift */ = {isa = PBXFileReference; lastKnownFileType = sourcecode.swift; path = CurrencyListAssembly.swift; sourceTree = "<group>"; };
		451A4D3D22B88D0300496A8F /* CurrencyConvertAssembly.swift */ = {isa = PBXFileReference; lastKnownFileType = sourcecode.swift; path = CurrencyConvertAssembly.swift; sourceTree = "<group>"; };
		451A4D4022B8971D00496A8F /* SequenceExt.swift */ = {isa = PBXFileReference; lastKnownFileType = sourcecode.swift; path = SequenceExt.swift; sourceTree = "<group>"; };
		451A4D4222B8972F00496A8F /* StringExt.swift */ = {isa = PBXFileReference; lastKnownFileType = sourcecode.swift; path = StringExt.swift; sourceTree = "<group>"; };
		451A4D4422B89EC600496A8F /* AppSettings.swift */ = {isa = PBXFileReference; lastKnownFileType = sourcecode.swift; path = AppSettings.swift; sourceTree = "<group>"; };
		451A4D4622B8A52D00496A8F /* IAppSettings.swift */ = {isa = PBXFileReference; lastKnownFileType = sourcecode.swift; path = IAppSettings.swift; sourceTree = "<group>"; };
		451A4D4E22B8D08900496A8F /* CurrencyListTableAdapter.swift */ = {isa = PBXFileReference; lastKnownFileType = sourcecode.swift; path = CurrencyListTableAdapter.swift; sourceTree = "<group>"; };
		451A4D5022B8D0A200496A8F /* CurrencyListTableDataSource.swift */ = {isa = PBXFileReference; lastKnownFileType = sourcecode.swift; path = CurrencyListTableDataSource.swift; sourceTree = "<group>"; };
		451A4D5222B8D47000496A8F /* CurrencyListTVCModel.swift */ = {isa = PBXFileReference; lastKnownFileType = sourcecode.swift; path = CurrencyListTVCModel.swift; sourceTree = "<group>"; };
		451A4D5422B8D48F00496A8F /* CurrencyListTVC.swift */ = {isa = PBXFileReference; lastKnownFileType = sourcecode.swift; path = CurrencyListTVC.swift; sourceTree = "<group>"; };
		451A4D5522B8D48F00496A8F /* CurrencyListTVC.xib */ = {isa = PBXFileReference; lastKnownFileType = file.xib; path = CurrencyListTVC.xib; sourceTree = "<group>"; };
		451A4D5822B8D7D100496A8F /* GetSupportedSymbolsRequest.swift */ = {isa = PBXFileReference; lastKnownFileType = sourcecode.swift; path = GetSupportedSymbolsRequest.swift; sourceTree = "<group>"; };
		451A4D5A22B8D7FD00496A8F /* GetSupportedSymbolsResponse.swift */ = {isa = PBXFileReference; lastKnownFileType = sourcecode.swift; path = GetSupportedSymbolsResponse.swift; sourceTree = "<group>"; };
		451A4D5C22B8D8F900496A8F /* CurrencyDTOParser.swift */ = {isa = PBXFileReference; lastKnownFileType = sourcecode.swift; path = CurrencyDTOParser.swift; sourceTree = "<group>"; };
		45565B5B22B7558600615BA4 /* CurrencyApiClient.swift */ = {isa = PBXFileReference; lastKnownFileType = sourcecode.swift; path = CurrencyApiClient.swift; sourceTree = "<group>"; };
		45565B5D22B75A1800615BA4 /* ChangeBaseCurrencyResponse.swift */ = {isa = PBXFileReference; lastKnownFileType = sourcecode.swift; path = ChangeBaseCurrencyResponse.swift; sourceTree = "<group>"; };
		45565B5F22B76AEB00615BA4 /* ConvertCurrencyRequest.swift */ = {isa = PBXFileReference; lastKnownFileType = sourcecode.swift; path = ConvertCurrencyRequest.swift; sourceTree = "<group>"; };
		71E16405CB09050434825484 /* Pods-CTranslate.release.xcconfig */ = {isa = PBXFileReference; includeInIndex = 1; lastKnownFileType = text.xcconfig; name = "Pods-CTranslate.release.xcconfig"; path = "Target Support Files/Pods-CTranslate/Pods-CTranslate.release.xcconfig"; sourceTree = "<group>"; };
		FA224FF822B7F6F800FB1369 /* RTableView.swift */ = {isa = PBXFileReference; lastKnownFileType = sourcecode.swift; path = RTableView.swift; sourceTree = "<group>"; };
		FA224FFA22B7F71F00FB1369 /* RTableViewDataSource.swift */ = {isa = PBXFileReference; lastKnownFileType = sourcecode.swift; path = RTableViewDataSource.swift; sourceTree = "<group>"; };
		FA224FFC22B7F74C00FB1369 /* RBaseTableViewDataSource.swift */ = {isa = PBXFileReference; lastKnownFileType = sourcecode.swift; path = RBaseTableViewDataSource.swift; sourceTree = "<group>"; };
		FA224FFE22B7F7F100FB1369 /* RTableViewCell.swift */ = {isa = PBXFileReference; lastKnownFileType = sourcecode.swift; path = RTableViewCell.swift; sourceTree = "<group>"; };
		FA22500022B7F80400FB1369 /* RTableViewCellModel.swift */ = {isa = PBXFileReference; lastKnownFileType = sourcecode.swift; path = RTableViewCellModel.swift; sourceTree = "<group>"; };
		FA22500222B7F82800FB1369 /* RTableViewAdapter.swift */ = {isa = PBXFileReference; lastKnownFileType = sourcecode.swift; path = RTableViewAdapter.swift; sourceTree = "<group>"; };
		FA22500422B7F8B000FB1369 /* ILifetimeHolder.swift */ = {isa = PBXFileReference; lastKnownFileType = sourcecode.swift; path = ILifetimeHolder.swift; sourceTree = "<group>"; };
		FA22500722B7F95400FB1369 /* View.swift */ = {isa = PBXFileReference; lastKnownFileType = sourcecode.swift; path = View.swift; sourceTree = "<group>"; };
		FA22500C22B7FCDD00FB1369 /* CurrencyRatesTableAdapter.swift */ = {isa = PBXFileReference; lastKnownFileType = sourcecode.swift; path = CurrencyRatesTableAdapter.swift; sourceTree = "<group>"; };
		FA22500E22B7FCE800FB1369 /* CurrencyRatesTableDataSource.swift */ = {isa = PBXFileReference; lastKnownFileType = sourcecode.swift; path = CurrencyRatesTableDataSource.swift; sourceTree = "<group>"; };
		FA22501022B7FCFE00FB1369 /* CurrencyRateTVC.swift */ = {isa = PBXFileReference; lastKnownFileType = sourcecode.swift; path = CurrencyRateTVC.swift; sourceTree = "<group>"; };
		FA22501122B7FCFE00FB1369 /* CurrencyRateTVC.xib */ = {isa = PBXFileReference; lastKnownFileType = file.xib; path = CurrencyRateTVC.xib; sourceTree = "<group>"; };
		FA22501422B7FDF000FB1369 /* CurrencyRateTVCModel.swift */ = {isa = PBXFileReference; lastKnownFileType = sourcecode.swift; path = CurrencyRateTVCModel.swift; sourceTree = "<group>"; };
		FA22501722B94F8A00FB1369 /* CurrencyFilter.swift */ = {isa = PBXFileReference; lastKnownFileType = sourcecode.swift; path = CurrencyFilter.swift; sourceTree = "<group>"; };
		FA22501B22B9582500FB1369 /* ViewController.swift */ = {isa = PBXFileReference; lastKnownFileType = sourcecode.swift; path = ViewController.swift; sourceTree = "<group>"; };
		FA22501D22B9589700FB1369 /* BaseViewModel.swift */ = {isa = PBXFileReference; lastKnownFileType = sourcecode.swift; path = BaseViewModel.swift; sourceTree = "<group>"; };
		FA298E4B22B620BF00FE8BE9 /* CTranslate.app */ = {isa = PBXFileReference; explicitFileType = wrapper.application; includeInIndex = 0; path = CTranslate.app; sourceTree = BUILT_PRODUCTS_DIR; };
		FA298E4E22B620BF00FE8BE9 /* AppDelegate.swift */ = {isa = PBXFileReference; lastKnownFileType = sourcecode.swift; path = AppDelegate.swift; sourceTree = "<group>"; };
		FA298E5522B620C100FE8BE9 /* Assets.xcassets */ = {isa = PBXFileReference; lastKnownFileType = folder.assetcatalog; path = Assets.xcassets; sourceTree = "<group>"; };
		FA298E5822B620C100FE8BE9 /* Base */ = {isa = PBXFileReference; lastKnownFileType = file.storyboard; name = Base; path = Base.lproj/LaunchScreen.storyboard; sourceTree = "<group>"; };
		FA298E5A22B620C100FE8BE9 /* Info.plist */ = {isa = PBXFileReference; lastKnownFileType = text.plist.xml; path = Info.plist; sourceTree = "<group>"; };
		FA298E6522B6245900FE8BE9 /* ICurrencyService.swift */ = {isa = PBXFileReference; lastKnownFileType = sourcecode.swift; path = ICurrencyService.swift; sourceTree = "<group>"; };
		FA298E6722B625D900FE8BE9 /* CurrencyService.swift */ = {isa = PBXFileReference; lastKnownFileType = sourcecode.swift; path = CurrencyService.swift; sourceTree = "<group>"; };
		FA298E6922B6261800FE8BE9 /* GetRatesResponse.swift */ = {isa = PBXFileReference; lastKnownFileType = sourcecode.swift; path = GetRatesResponse.swift; sourceTree = "<group>"; };
		FA298E7922B64FBF00FE8BE9 /* ApiRequest.swift */ = {isa = PBXFileReference; lastKnownFileType = sourcecode.swift; path = ApiRequest.swift; sourceTree = "<group>"; };
		FA298E7B22B64FCE00FE8BE9 /* ApiResponse.swift */ = {isa = PBXFileReference; lastKnownFileType = sourcecode.swift; path = ApiResponse.swift; sourceTree = "<group>"; };
		FA298E7E22B6509B00FE8BE9 /* Result.swift */ = {isa = PBXFileReference; lastKnownFileType = sourcecode.swift; path = Result.swift; sourceTree = "<group>"; };
		FA298E8022B650B100FE8BE9 /* ApiError.swift */ = {isa = PBXFileReference; lastKnownFileType = sourcecode.swift; path = ApiError.swift; sourceTree = "<group>"; };
		FA298E8222B650E200FE8BE9 /* HTTPParameter.swift */ = {isa = PBXFileReference; lastKnownFileType = sourcecode.swift; path = HTTPParameter.swift; sourceTree = "<group>"; };
		FA298E8422B650EE00FE8BE9 /* URLQueryEncoder.swift */ = {isa = PBXFileReference; lastKnownFileType = sourcecode.swift; path = URLQueryEncoder.swift; sourceTree = "<group>"; };
		FA298E8622B651CC00FE8BE9 /* GetLatestRatesRequest.swift */ = {isa = PBXFileReference; lastKnownFileType = sourcecode.swift; path = GetLatestRatesRequest.swift; sourceTree = "<group>"; };
		FA298E8822B652C300FE8BE9 /* ApiClient.swift */ = {isa = PBXFileReference; lastKnownFileType = sourcecode.swift; path = ApiClient.swift; sourceTree = "<group>"; };
		FA298E8A22B65ABE00FE8BE9 /* DependencyContainer.swift */ = {isa = PBXFileReference; lastKnownFileType = sourcecode.swift; path = DependencyContainer.swift; sourceTree = "<group>"; };
		FA298E8C22B65B7B00FE8BE9 /* Api.swift */ = {isa = PBXFileReference; lastKnownFileType = sourcecode.swift; path = Api.swift; sourceTree = "<group>"; };
		FA298E9022B66A8A00FE8BE9 /* ChangeBaseCurrencyRequest.swift */ = {isa = PBXFileReference; lastKnownFileType = sourcecode.swift; path = ChangeBaseCurrencyRequest.swift; sourceTree = "<group>"; };
		FA3BD2AD22B96BF5000F6E23 /* SignalExt.swift */ = {isa = PBXFileReference; lastKnownFileType = sourcecode.swift; path = SignalExt.swift; sourceTree = "<group>"; };
/* End PBXFileReference section */

/* Begin PBXFrameworksBuildPhase section */
		FA298E4822B620BF00FE8BE9 /* Frameworks */ = {
			isa = PBXFrameworksBuildPhase;
			buildActionMask = 2147483647;
			files = (
				5F76CC8332CDC0D52AC285A3 /* Pods_CTranslate.framework in Frameworks */,
			);
			runOnlyForDeploymentPostprocessing = 0;
		};
/* End PBXFrameworksBuildPhase section */

/* Begin PBXGroup section */
		3877B258936D6C3A3C261CF3 /* Pods */ = {
			isa = PBXGroup;
			children = (
				12FC98574867CB9CC5BE29A1 /* Pods-CTranslate.debug.xcconfig */,
				71E16405CB09050434825484 /* Pods-CTranslate.release.xcconfig */,
			);
			path = Pods;
			sourceTree = "<group>";
		};
		451A4D0922B7954A00496A8F /* UI */ = {
			isa = PBXGroup;
			children = (
				FA224FF722B7F63600FB1369 /* Classes */,
				451A4D1122B7973700496A8F /* Assembly */,
				451A4D1022B7970600496A8F /* Navigation */,
				451A4D0A22B7954E00496A8F /* Components */,
			);
			path = UI;
			sourceTree = "<group>";
		};
		451A4D0A22B7954E00496A8F /* Components */ = {
			isa = PBXGroup;
			children = (
				451A4D0B22B7955A00496A8F /* CurrencyConverter */,
			);
			path = Components;
			sourceTree = "<group>";
		};
		451A4D0B22B7955A00496A8F /* CurrencyConverter */ = {
			isa = PBXGroup;
			children = (
				FA22500B22B7FCCA00FB1369 /* CurrencyConverter */,
				FA22500A22B7FCC500FB1369 /* CurrencyList */,
				FA22500922B7FCB700FB1369 /* CurrencyRates */,
			);
			path = CurrencyConverter;
			sourceTree = "<group>";
		};
		451A4D1022B7970600496A8F /* Navigation */ = {
			isa = PBXGroup;
			children = (
				451A4D1222B7993300496A8F /* Coordinator.swift */,
				451A4D1622B79BC500496A8F /* CurrencyCoordinator.swift */,
			);
			path = Navigation;
			sourceTree = "<group>";
		};
		451A4D1122B7973700496A8F /* Assembly */ = {
			isa = PBXGroup;
			children = (
				451A4D1A22B79CAA00496A8F /* ViewControllerAssembly.swift */,
				451A4D1C22B79CCC00496A8F /* BaseViewControllerAssembly.swift */,
				451A4D1822B79BF100496A8F /* CurrencyRatesAssembly.swift */,
				451A4D3B22B88BA300496A8F /* CurrencyListAssembly.swift */,
				451A4D3D22B88D0300496A8F /* CurrencyConvertAssembly.swift */,
			);
			path = Assembly;
			sourceTree = "<group>";
		};
		451A4D3222B7A2E000496A8F /* Parsers */ = {
			isa = PBXGroup;
			children = (
				451A4D3322B7A2FA00496A8F /* CurrencyRatesDTOParser.swift */,
				451A4D5C22B8D8F900496A8F /* CurrencyDTOParser.swift */,
			);
			path = Parsers;
			sourceTree = "<group>";
		};
		451A4D3F22B8971200496A8F /* Extensions */ = {
			isa = PBXGroup;
			children = (
				451A4D4022B8971D00496A8F /* SequenceExt.swift */,
				451A4D4222B8972F00496A8F /* StringExt.swift */,
				FA3BD2AD22B96BF5000F6E23 /* SignalExt.swift */,
			);
			path = Extensions;
			sourceTree = "<group>";
		};
		45565B5922B7522A00615BA4 /* Components */ = {
			isa = PBXGroup;
			children = (
				45565B5A22B7523300615BA4 /* CurrencyConverter */,
			);
			path = Components;
			sourceTree = "<group>";
		};
		45565B5A22B7523300615BA4 /* CurrencyConverter */ = {
			isa = PBXGroup;
			children = (
				451A4D3922B7A49B00496A8F /* CurrencyApi.swift */,
				45565B5B22B7558600615BA4 /* CurrencyApiClient.swift */,
				451A4D0722B770D200496A8F /* CurrencyJSONEncoder.swift */,
				451A4D3722B7A46000496A8F /* CurrencyJSONDecoder.swift */,
				FA298E6C22B6268F00FE8BE9 /* Responses */,
				FA298E6B22B6268B00FE8BE9 /* Requests */,
			);
			path = CurrencyConverter;
			sourceTree = "<group>";
		};
		C3148769E6D99271024A8C7F /* Frameworks */ = {
			isa = PBXGroup;
			children = (
				0501599D4AFC2128A307EB2F /* Pods_CTranslate.framework */,
			);
			name = Frameworks;
			sourceTree = "<group>";
		};
		FA224FF722B7F63600FB1369 /* Classes */ = {
			isa = PBXGroup;
			children = (
				FA22501622B94F7400FB1369 /* Filters */,
				FA22500622B7F8B900FB1369 /* TableView */,
				FA22500422B7F8B000FB1369 /* ILifetimeHolder.swift */,
				FA22500722B7F95400FB1369 /* View.swift */,
				FA22501B22B9582500FB1369 /* ViewController.swift */,
				FA22501D22B9589700FB1369 /* BaseViewModel.swift */,
			);
			path = Classes;
			sourceTree = "<group>";
		};
		FA22500622B7F8B900FB1369 /* TableView */ = {
			isa = PBXGroup;
			children = (
				FA224FF822B7F6F800FB1369 /* RTableView.swift */,
				FA224FFA22B7F71F00FB1369 /* RTableViewDataSource.swift */,
				FA224FFC22B7F74C00FB1369 /* RBaseTableViewDataSource.swift */,
				FA224FFE22B7F7F100FB1369 /* RTableViewCell.swift */,
				FA22500022B7F80400FB1369 /* RTableViewCellModel.swift */,
				FA22500222B7F82800FB1369 /* RTableViewAdapter.swift */,
			);
			path = TableView;
			sourceTree = "<group>";
		};
		FA22500922B7FCB700FB1369 /* CurrencyRates */ = {
			isa = PBXGroup;
			children = (
				451A4D0C22B7970100496A8F /* CurrencyRatesVC.swift */,
				451A4D0D22B7970100496A8F /* CurrencyRatesVC.xib */,
				451A4D1E22B79D9B00496A8F /* CurrencyRatesViewModel.swift */,
				FA22500C22B7FCDD00FB1369 /* CurrencyRatesTableAdapter.swift */,
				FA22500E22B7FCE800FB1369 /* CurrencyRatesTableDataSource.swift */,
				FA22501022B7FCFE00FB1369 /* CurrencyRateTVC.swift */,
				FA22501122B7FCFE00FB1369 /* CurrencyRateTVC.xib */,
				FA22501422B7FDF000FB1369 /* CurrencyRateTVCModel.swift */,
			);
			path = CurrencyRates;
			sourceTree = "<group>";
		};
		FA22500A22B7FCC500FB1369 /* CurrencyList */ = {
			isa = PBXGroup;
			children = (
				451A4D2222B79FA900496A8F /* CurrencyListVC.swift */,
				451A4D2322B79FA900496A8F /* CurrencyListVC.xib */,
				451A4D2622B79FB100496A8F /* CurrencyListViewModel.swift */,
				451A4D4E22B8D08900496A8F /* CurrencyListTableAdapter.swift */,
				451A4D5022B8D0A200496A8F /* CurrencyListTableDataSource.swift */,
				451A4D5222B8D47000496A8F /* CurrencyListTVCModel.swift */,
				451A4D5422B8D48F00496A8F /* CurrencyListTVC.swift */,
				451A4D5522B8D48F00496A8F /* CurrencyListTVC.xib */,
			);
			path = CurrencyList;
			sourceTree = "<group>";
		};
		FA22500B22B7FCCA00FB1369 /* CurrencyConverter */ = {
			isa = PBXGroup;
			children = (
				451A4D2A22B79FD700496A8F /* CurrencyConvertVC.swift */,
				451A4D2B22B79FD700496A8F /* CurrencyConvertVC.xib */,
				451A4D2822B79FC000496A8F /* CurrencyConvertViewModel.swift */,
			);
			path = CurrencyConverter;
			sourceTree = "<group>";
		};
		FA22501622B94F7400FB1369 /* Filters */ = {
			isa = PBXGroup;
			children = (
				FA22501722B94F8A00FB1369 /* CurrencyFilter.swift */,
			);
			path = Filters;
			sourceTree = "<group>";
		};
		FA298E4222B620BE00FE8BE9 = {
			isa = PBXGroup;
			children = (
				FA298E4D22B620BF00FE8BE9 /* CurrencyCoverter */,
				FA298E4C22B620BF00FE8BE9 /* Products */,
				3877B258936D6C3A3C261CF3 /* Pods */,
				C3148769E6D99271024A8C7F /* Frameworks */,
			);
			sourceTree = "<group>";
		};
		FA298E4C22B620BF00FE8BE9 /* Products */ = {
			isa = PBXGroup;
			children = (
				FA298E4B22B620BF00FE8BE9 /* CTranslate.app */,
			);
			name = Products;
			sourceTree = "<group>";
		};
		FA298E4D22B620BF00FE8BE9 /* CurrencyCoverter */ = {
			isa = PBXGroup;
			children = (
				451A4D3F22B8971200496A8F /* Extensions */,
				451A4D0922B7954A00496A8F /* UI */,
				FA298E6422B6244400FE8BE9 /* API */,
				FA298E6322B6243F00FE8BE9 /* Services */,
				FA298E6022B6235700FE8BE9 /* Model */,
				FA298E4E22B620BF00FE8BE9 /* AppDelegate.swift */,
				FA298E5522B620C100FE8BE9 /* Assets.xcassets */,
				FA298E5722B620C100FE8BE9 /* LaunchScreen.storyboard */,
				FA298E5A22B620C100FE8BE9 /* Info.plist */,
				FA298E8A22B65ABE00FE8BE9 /* DependencyContainer.swift */,
			);
			path = CurrencyCoverter;
			sourceTree = "<group>";
		};
		FA298E6022B6235700FE8BE9 /* Model */ = {
			isa = PBXGroup;
			children = (
				451A4D3222B7A2E000496A8F /* Parsers */,
				FA298E6222B6236800FE8BE9 /* Entities */,
				FA298E6122B6236100FE8BE9 /* DTO Entities */,
			);
			path = Model;
			sourceTree = "<group>";
		};
		FA298E6122B6236100FE8BE9 /* DTO Entities */ = {
			isa = PBXGroup;
			children = (
			);
			path = "DTO Entities";
			sourceTree = "<group>";
		};
		FA298E6222B6236800FE8BE9 /* Entities */ = {
			isa = PBXGroup;
			children = (
				451A4D3522B7A35300496A8F /* CurrencyRates.swift */,
				451A4D2E22B7A08C00496A8F /* CurrencyRate.swift */,
				451A4D3022B7A0BE00496A8F /* Currency.swift */,
			);
			path = Entities;
			sourceTree = "<group>";
		};
		FA298E6322B6243F00FE8BE9 /* Services */ = {
			isa = PBXGroup;
			children = (
				FA298E6522B6245900FE8BE9 /* ICurrencyService.swift */,
				FA298E6722B625D900FE8BE9 /* CurrencyService.swift */,
				451A4D4422B89EC600496A8F /* AppSettings.swift */,
				451A4D4622B8A52D00496A8F /* IAppSettings.swift */,
			);
			path = Services;
			sourceTree = "<group>";
		};
		FA298E6422B6244400FE8BE9 /* API */ = {
			isa = PBXGroup;
			children = (
				45565B5922B7522A00615BA4 /* Components */,
				FA298E7D22B6509100FE8BE9 /* Utils */,
				FA298E7922B64FBF00FE8BE9 /* ApiRequest.swift */,
				FA298E7B22B64FCE00FE8BE9 /* ApiResponse.swift */,
				FA298E8822B652C300FE8BE9 /* ApiClient.swift */,
				FA298E8C22B65B7B00FE8BE9 /* Api.swift */,
			);
			path = API;
			sourceTree = "<group>";
		};
		FA298E6B22B6268B00FE8BE9 /* Requests */ = {
			isa = PBXGroup;
			children = (
				FA298E8622B651CC00FE8BE9 /* GetLatestRatesRequest.swift */,
				FA298E9022B66A8A00FE8BE9 /* ChangeBaseCurrencyRequest.swift */,
				45565B5F22B76AEB00615BA4 /* ConvertCurrencyRequest.swift */,
				451A4D5822B8D7D100496A8F /* GetSupportedSymbolsRequest.swift */,
			);
			path = Requests;
			sourceTree = "<group>";
		};
		FA298E6C22B6268F00FE8BE9 /* Responses */ = {
			isa = PBXGroup;
			children = (
				FA298E6922B6261800FE8BE9 /* GetRatesResponse.swift */,
				45565B5D22B75A1800615BA4 /* ChangeBaseCurrencyResponse.swift */,
				451A4D0422B76D7800496A8F /* ConvertCurrencyResponse.swift */,
				451A4D5A22B8D7FD00496A8F /* GetSupportedSymbolsResponse.swift */,
			);
			path = Responses;
			sourceTree = "<group>";
		};
		FA298E7D22B6509100FE8BE9 /* Utils */ = {
			isa = PBXGroup;
			children = (
				FA298E7E22B6509B00FE8BE9 /* Result.swift */,
				FA298E8022B650B100FE8BE9 /* ApiError.swift */,
				FA298E8222B650E200FE8BE9 /* HTTPParameter.swift */,
				FA298E8422B650EE00FE8BE9 /* URLQueryEncoder.swift */,
			);
			path = Utils;
			sourceTree = "<group>";
		};
/* End PBXGroup section */

/* Begin PBXNativeTarget section */
		FA298E4A22B620BF00FE8BE9 /* CTranslate */ = {
			isa = PBXNativeTarget;
			buildConfigurationList = FA298E5D22B620C100FE8BE9 /* Build configuration list for PBXNativeTarget "CTranslate" */;
			buildPhases = (
				7C86FD95257134EAAF7D1C0B /* [CP] Check Pods Manifest.lock */,
				FA298E4722B620BF00FE8BE9 /* Sources */,
				FA298E4822B620BF00FE8BE9 /* Frameworks */,
				FA298E4922B620BF00FE8BE9 /* Resources */,
				BF53F1AE78FCA95C11E419FF /* [CP] Embed Pods Frameworks */,
			);
			buildRules = (
			);
			dependencies = (
			);
			name = CTranslate;
			productName = CurrencyCoverter;
			productReference = FA298E4B22B620BF00FE8BE9 /* CTranslate.app */;
			productType = "com.apple.product-type.application";
		};
/* End PBXNativeTarget section */

/* Begin PBXProject section */
		FA298E4322B620BE00FE8BE9 /* Project object */ = {
			isa = PBXProject;
			attributes = {
				LastSwiftUpdateCheck = 1020;
				LastUpgradeCheck = 1020;
				ORGANIZATIONNAME = "Alexandr Lebedko";
				TargetAttributes = {
					FA298E4A22B620BF00FE8BE9 = {
						CreatedOnToolsVersion = 10.2.1;
					};
				};
			};
			buildConfigurationList = FA298E4622B620BE00FE8BE9 /* Build configuration list for PBXProject "CTranslate" */;
			compatibilityVersion = "Xcode 9.3";
			developmentRegion = en;
			hasScannedForEncodings = 0;
			knownRegions = (
				en,
				Base,
			);
			mainGroup = FA298E4222B620BE00FE8BE9;
			productRefGroup = FA298E4C22B620BF00FE8BE9 /* Products */;
			projectDirPath = "";
			projectRoot = "";
			targets = (
				FA298E4A22B620BF00FE8BE9 /* CTranslate */,
			);
		};
/* End PBXProject section */

/* Begin PBXResourcesBuildPhase section */
		FA298E4922B620BF00FE8BE9 /* Resources */ = {
			isa = PBXResourcesBuildPhase;
			buildActionMask = 2147483647;
			files = (
				FA298E5922B620C100FE8BE9 /* LaunchScreen.storyboard in Resources */,
				FA298E5622B620C100FE8BE9 /* Assets.xcassets in Resources */,
				451A4D2522B79FA900496A8F /* CurrencyListVC.xib in Resources */,
				451A4D5722B8D48F00496A8F /* CurrencyListTVC.xib in Resources */,
				FA22501322B7FCFE00FB1369 /* CurrencyRateTVC.xib in Resources */,
				451A4D0F22B7970100496A8F /* CurrencyRatesVC.xib in Resources */,
				451A4D2D22B79FD700496A8F /* CurrencyConvertVC.xib in Resources */,
			);
			runOnlyForDeploymentPostprocessing = 0;
		};
/* End PBXResourcesBuildPhase section */

/* Begin PBXShellScriptBuildPhase section */
		7C86FD95257134EAAF7D1C0B /* [CP] Check Pods Manifest.lock */ = {
			isa = PBXShellScriptBuildPhase;
			buildActionMask = 2147483647;
			files = (
			);
			inputFileListPaths = (
			);
			inputPaths = (
				"${PODS_PODFILE_DIR_PATH}/Podfile.lock",
				"${PODS_ROOT}/Manifest.lock",
			);
			name = "[CP] Check Pods Manifest.lock";
			outputFileListPaths = (
			);
			outputPaths = (
				"$(DERIVED_FILE_DIR)/Pods-CTranslate-checkManifestLockResult.txt",
			);
			runOnlyForDeploymentPostprocessing = 0;
			shellPath = /bin/sh;
			shellScript = "diff \"${PODS_PODFILE_DIR_PATH}/Podfile.lock\" \"${PODS_ROOT}/Manifest.lock\" > /dev/null\nif [ $? != 0 ] ; then\n    # print error to STDERR\n    echo \"error: The sandbox is not in sync with the Podfile.lock. Run 'pod install' or update your CocoaPods installation.\" >&2\n    exit 1\nfi\n# This output is used by Xcode 'outputs' to avoid re-running this script phase.\necho \"SUCCESS\" > \"${SCRIPT_OUTPUT_FILE_0}\"\n";
			showEnvVarsInLog = 0;
		};
		BF53F1AE78FCA95C11E419FF /* [CP] Embed Pods Frameworks */ = {
			isa = PBXShellScriptBuildPhase;
			buildActionMask = 2147483647;
			files = (
			);
			inputFileListPaths = (
				"${PODS_ROOT}/Target Support Files/Pods-CTranslate/Pods-CTranslate-frameworks-${CONFIGURATION}-input-files.xcfilelist",
			);
			name = "[CP] Embed Pods Frameworks";
			outputFileListPaths = (
				"${PODS_ROOT}/Target Support Files/Pods-CTranslate/Pods-CTranslate-frameworks-${CONFIGURATION}-output-files.xcfilelist",
			);
			runOnlyForDeploymentPostprocessing = 0;
			shellPath = /bin/sh;
			shellScript = "\"${PODS_ROOT}/Target Support Files/Pods-CTranslate/Pods-CTranslate-frameworks.sh\"\n";
			showEnvVarsInLog = 0;
		};
/* End PBXShellScriptBuildPhase section */

/* Begin PBXSourcesBuildPhase section */
		FA298E4722B620BF00FE8BE9 /* Sources */ = {
			isa = PBXSourcesBuildPhase;
			buildActionMask = 2147483647;
			files = (
				FA22501522B7FDF000FB1369 /* CurrencyRateTVCModel.swift in Sources */,
				FA3BD2AE22B96BF5000F6E23 /* SignalExt.swift in Sources */,
				451A4D3622B7A35300496A8F /* CurrencyRates.swift in Sources */,
				451A4D3A22B7A49B00496A8F /* CurrencyApi.swift in Sources */,
				FA22500D22B7FCDD00FB1369 /* CurrencyRatesTableAdapter.swift in Sources */,
				451A4D5622B8D48F00496A8F /* CurrencyListTVC.swift in Sources */,
				FA224FFD22B7F74C00FB1369 /* RBaseTableViewDataSource.swift in Sources */,
				FA298E8B22B65ABE00FE8BE9 /* DependencyContainer.swift in Sources */,
				FA22500122B7F80400FB1369 /* RTableViewCellModel.swift in Sources */,
				451A4D3822B7A46000496A8F /* CurrencyJSONDecoder.swift in Sources */,
				FA298E7F22B6509B00FE8BE9 /* Result.swift in Sources */,
				45565B5C22B7558600615BA4 /* CurrencyApiClient.swift in Sources */,
				451A4D5922B8D7D100496A8F /* GetSupportedSymbolsRequest.swift in Sources */,
				FA22500322B7F82800FB1369 /* RTableViewAdapter.swift in Sources */,
				451A4D0522B76D7800496A8F /* ConvertCurrencyResponse.swift in Sources */,
				451A4D2F22B7A08C00496A8F /* CurrencyRate.swift in Sources */,
				FA298E8522B650EE00FE8BE9 /* URLQueryEncoder.swift in Sources */,
				45565B5E22B75A1800615BA4 /* ChangeBaseCurrencyResponse.swift in Sources */,
				451A4D1D22B79CCC00496A8F /* BaseViewControllerAssembly.swift in Sources */,
				451A4D2722B79FB100496A8F /* CurrencyListViewModel.swift in Sources */,
				FA22500522B7F8B000FB1369 /* ILifetimeHolder.swift in Sources */,
				451A4D4522B89EC600496A8F /* AppSettings.swift in Sources */,
				451A4D1322B7993300496A8F /* Coordinator.swift in Sources */,
				451A4D3422B7A2FA00496A8F /* CurrencyRatesDTOParser.swift in Sources */,
				FA22501E22B9589700FB1369 /* BaseViewModel.swift in Sources */,
				FA298E8D22B65B7B00FE8BE9 /* Api.swift in Sources */,
				FA298E6822B625D900FE8BE9 /* CurrencyService.swift in Sources */,
				451A4D4322B8972F00496A8F /* StringExt.swift in Sources */,
				FA298E8322B650E200FE8BE9 /* HTTPParameter.swift in Sources */,
				451A4D0822B770D200496A8F /* CurrencyJSONEncoder.swift in Sources */,
				451A4D5B22B8D7FD00496A8F /* GetSupportedSymbolsResponse.swift in Sources */,
				451A4D2422B79FA900496A8F /* CurrencyListVC.swift in Sources */,
				451A4D1722B79BC500496A8F /* CurrencyCoordinator.swift in Sources */,
				45565B6022B76AEB00615BA4 /* ConvertCurrencyRequest.swift in Sources */,
				FA22501822B94F8A00FB1369 /* CurrencyFilter.swift in Sources */,
				FA298E6A22B6261800FE8BE9 /* GetRatesResponse.swift in Sources */,
				FA22501222B7FCFE00FB1369 /* CurrencyRateTVC.swift in Sources */,
				FA298E8122B650B100FE8BE9 /* ApiError.swift in Sources */,
				451A4D5122B8D0A200496A8F /* CurrencyListTableDataSource.swift in Sources */,
				FA298E6622B6245900FE8BE9 /* ICurrencyService.swift in Sources */,
				451A4D1B22B79CAA00496A8F /* ViewControllerAssembly.swift in Sources */,
				451A4D1922B79BF100496A8F /* CurrencyRatesAssembly.swift in Sources */,
				FA224FF922B7F6F800FB1369 /* RTableView.swift in Sources */,
				FA298E8922B652C300FE8BE9 /* ApiClient.swift in Sources */,
				451A4D4F22B8D08900496A8F /* CurrencyListTableAdapter.swift in Sources */,
				FA22500822B7F95400FB1369 /* View.swift in Sources */,
				FA22500F22B7FCE800FB1369 /* CurrencyRatesTableDataSource.swift in Sources */,
				451A4D5322B8D47000496A8F /* CurrencyListTVCModel.swift in Sources */,
				451A4D2C22B79FD700496A8F /* CurrencyConvertVC.swift in Sources */,
				451A4D4122B8971D00496A8F /* SequenceExt.swift in Sources */,
				451A4D1F22B79D9B00496A8F /* CurrencyRatesViewModel.swift in Sources */,
				FA224FFF22B7F7F200FB1369 /* RTableViewCell.swift in Sources */,
				451A4D2922B79FC000496A8F /* CurrencyConvertViewModel.swift in Sources */,
				FA298E8722B651CC00FE8BE9 /* GetLatestRatesRequest.swift in Sources */,
				451A4D5D22B8D8F900496A8F /* CurrencyDTOParser.swift in Sources */,
				FA298E9122B66A8A00FE8BE9 /* ChangeBaseCurrencyRequest.swift in Sources */,
				451A4D3C22B88BA300496A8F /* CurrencyListAssembly.swift in Sources */,
				451A4D4722B8A52D00496A8F /* IAppSettings.swift in Sources */,
				451A4D3E22B88D0300496A8F /* CurrencyConvertAssembly.swift in Sources */,
				FA298E4F22B620BF00FE8BE9 /* AppDelegate.swift in Sources */,
				451A4D3122B7A0BE00496A8F /* Currency.swift in Sources */,
				FA22501C22B9582500FB1369 /* ViewController.swift in Sources */,
				FA298E7C22B64FCE00FE8BE9 /* ApiResponse.swift in Sources */,
				FA224FFB22B7F71F00FB1369 /* RTableViewDataSource.swift in Sources */,
				FA298E7A22B64FBF00FE8BE9 /* ApiRequest.swift in Sources */,
				451A4D0E22B7970100496A8F /* CurrencyRatesVC.swift in Sources */,
			);
			runOnlyForDeploymentPostprocessing = 0;
		};
/* End PBXSourcesBuildPhase section */

/* Begin PBXVariantGroup section */
		FA298E5722B620C100FE8BE9 /* LaunchScreen.storyboard */ = {
			isa = PBXVariantGroup;
			children = (
				FA298E5822B620C100FE8BE9 /* Base */,
			);
			name = LaunchScreen.storyboard;
			sourceTree = "<group>";
		};
/* End PBXVariantGroup section */

/* Begin XCBuildConfiguration section */
		FA298E5B22B620C100FE8BE9 /* Debug */ = {
			isa = XCBuildConfiguration;
			buildSettings = {
				ALWAYS_SEARCH_USER_PATHS = NO;
				CLANG_ANALYZER_NONNULL = YES;
				CLANG_ANALYZER_NUMBER_OBJECT_CONVERSION = YES_AGGRESSIVE;
				CLANG_CXX_LANGUAGE_STANDARD = "gnu++14";
				CLANG_CXX_LIBRARY = "libc++";
				CLANG_ENABLE_MODULES = YES;
				CLANG_ENABLE_OBJC_ARC = YES;
				CLANG_ENABLE_OBJC_WEAK = YES;
				CLANG_WARN_BLOCK_CAPTURE_AUTORELEASING = YES;
				CLANG_WARN_BOOL_CONVERSION = YES;
				CLANG_WARN_COMMA = YES;
				CLANG_WARN_CONSTANT_CONVERSION = YES;
				CLANG_WARN_DEPRECATED_OBJC_IMPLEMENTATIONS = YES;
				CLANG_WARN_DIRECT_OBJC_ISA_USAGE = YES_ERROR;
				CLANG_WARN_DOCUMENTATION_COMMENTS = YES;
				CLANG_WARN_EMPTY_BODY = YES;
				CLANG_WARN_ENUM_CONVERSION = YES;
				CLANG_WARN_INFINITE_RECURSION = YES;
				CLANG_WARN_INT_CONVERSION = YES;
				CLANG_WARN_NON_LITERAL_NULL_CONVERSION = YES;
				CLANG_WARN_OBJC_IMPLICIT_RETAIN_SELF = YES;
				CLANG_WARN_OBJC_LITERAL_CONVERSION = YES;
				CLANG_WARN_OBJC_ROOT_CLASS = YES_ERROR;
				CLANG_WARN_RANGE_LOOP_ANALYSIS = YES;
				CLANG_WARN_STRICT_PROTOTYPES = YES;
				CLANG_WARN_SUSPICIOUS_MOVE = YES;
				CLANG_WARN_UNGUARDED_AVAILABILITY = YES_AGGRESSIVE;
				CLANG_WARN_UNREACHABLE_CODE = YES;
				CLANG_WARN__DUPLICATE_METHOD_MATCH = YES;
				CODE_SIGN_IDENTITY = "iPhone Developer";
				COPY_PHASE_STRIP = NO;
				DEBUG_INFORMATION_FORMAT = dwarf;
				ENABLE_STRICT_OBJC_MSGSEND = YES;
				ENABLE_TESTABILITY = YES;
				GCC_C_LANGUAGE_STANDARD = gnu11;
				GCC_DYNAMIC_NO_PIC = NO;
				GCC_NO_COMMON_BLOCKS = YES;
				GCC_OPTIMIZATION_LEVEL = 0;
				GCC_PREPROCESSOR_DEFINITIONS = (
					"DEBUG=1",
					"$(inherited)",
				);
				GCC_WARN_64_TO_32_BIT_CONVERSION = YES;
				GCC_WARN_ABOUT_RETURN_TYPE = YES_ERROR;
				GCC_WARN_UNDECLARED_SELECTOR = YES;
				GCC_WARN_UNINITIALIZED_AUTOS = YES_AGGRESSIVE;
				GCC_WARN_UNUSED_FUNCTION = YES;
				GCC_WARN_UNUSED_VARIABLE = YES;
				IPHONEOS_DEPLOYMENT_TARGET = 12.2;
				MTL_ENABLE_DEBUG_INFO = INCLUDE_SOURCE;
				MTL_FAST_MATH = YES;
				ONLY_ACTIVE_ARCH = YES;
				SDKROOT = iphoneos;
				SWIFT_ACTIVE_COMPILATION_CONDITIONS = DEBUG;
				SWIFT_OPTIMIZATION_LEVEL = "-Onone";
			};
			name = Debug;
		};
		FA298E5C22B620C100FE8BE9 /* Release */ = {
			isa = XCBuildConfiguration;
			buildSettings = {
				ALWAYS_SEARCH_USER_PATHS = NO;
				CLANG_ANALYZER_NONNULL = YES;
				CLANG_ANALYZER_NUMBER_OBJECT_CONVERSION = YES_AGGRESSIVE;
				CLANG_CXX_LANGUAGE_STANDARD = "gnu++14";
				CLANG_CXX_LIBRARY = "libc++";
				CLANG_ENABLE_MODULES = YES;
				CLANG_ENABLE_OBJC_ARC = YES;
				CLANG_ENABLE_OBJC_WEAK = YES;
				CLANG_WARN_BLOCK_CAPTURE_AUTORELEASING = YES;
				CLANG_WARN_BOOL_CONVERSION = YES;
				CLANG_WARN_COMMA = YES;
				CLANG_WARN_CONSTANT_CONVERSION = YES;
				CLANG_WARN_DEPRECATED_OBJC_IMPLEMENTATIONS = YES;
				CLANG_WARN_DIRECT_OBJC_ISA_USAGE = YES_ERROR;
				CLANG_WARN_DOCUMENTATION_COMMENTS = YES;
				CLANG_WARN_EMPTY_BODY = YES;
				CLANG_WARN_ENUM_CONVERSION = YES;
				CLANG_WARN_INFINITE_RECURSION = YES;
				CLANG_WARN_INT_CONVERSION = YES;
				CLANG_WARN_NON_LITERAL_NULL_CONVERSION = YES;
				CLANG_WARN_OBJC_IMPLICIT_RETAIN_SELF = YES;
				CLANG_WARN_OBJC_LITERAL_CONVERSION = YES;
				CLANG_WARN_OBJC_ROOT_CLASS = YES_ERROR;
				CLANG_WARN_RANGE_LOOP_ANALYSIS = YES;
				CLANG_WARN_STRICT_PROTOTYPES = YES;
				CLANG_WARN_SUSPICIOUS_MOVE = YES;
				CLANG_WARN_UNGUARDED_AVAILABILITY = YES_AGGRESSIVE;
				CLANG_WARN_UNREACHABLE_CODE = YES;
				CLANG_WARN__DUPLICATE_METHOD_MATCH = YES;
				CODE_SIGN_IDENTITY = "iPhone Developer";
				COPY_PHASE_STRIP = NO;
				DEBUG_INFORMATION_FORMAT = "dwarf-with-dsym";
				ENABLE_NS_ASSERTIONS = NO;
				ENABLE_STRICT_OBJC_MSGSEND = YES;
				GCC_C_LANGUAGE_STANDARD = gnu11;
				GCC_NO_COMMON_BLOCKS = YES;
				GCC_WARN_64_TO_32_BIT_CONVERSION = YES;
				GCC_WARN_ABOUT_RETURN_TYPE = YES_ERROR;
				GCC_WARN_UNDECLARED_SELECTOR = YES;
				GCC_WARN_UNINITIALIZED_AUTOS = YES_AGGRESSIVE;
				GCC_WARN_UNUSED_FUNCTION = YES;
				GCC_WARN_UNUSED_VARIABLE = YES;
				IPHONEOS_DEPLOYMENT_TARGET = 12.2;
				MTL_ENABLE_DEBUG_INFO = NO;
				MTL_FAST_MATH = YES;
				SDKROOT = iphoneos;
				SWIFT_COMPILATION_MODE = wholemodule;
				SWIFT_OPTIMIZATION_LEVEL = "-O";
				VALIDATE_PRODUCT = YES;
			};
			name = Release;
		};
		FA298E5E22B620C100FE8BE9 /* Debug */ = {
			isa = XCBuildConfiguration;
			baseConfigurationReference = 12FC98574867CB9CC5BE29A1 /* Pods-CTranslate.debug.xcconfig */;
			buildSettings = {
				ASSETCATALOG_COMPILER_APPICON_NAME = AppIcon;
				CODE_SIGN_STYLE = Automatic;
				DEVELOPMENT_TEAM = L6G5K557U4;
				INFOPLIST_FILE = CurrencyCoverter/Info.plist;
				LD_RUNPATH_SEARCH_PATHS = (
					"$(inherited)",
					"@executable_path/Frameworks",
				);
				PRODUCT_BUNDLE_IDENTIFIER = com.alebedkosoftware.CurrencyCoverter;
				PRODUCT_NAME = "$(TARGET_NAME)";
				SWIFT_VERSION = 5.0;
				TARGETED_DEVICE_FAMILY = "1,2";
			};
			name = Debug;
		};
		FA298E5F22B620C100FE8BE9 /* Release */ = {
			isa = XCBuildConfiguration;
			baseConfigurationReference = 71E16405CB09050434825484 /* Pods-CTranslate.release.xcconfig */;
			buildSettings = {
				ASSETCATALOG_COMPILER_APPICON_NAME = AppIcon;
				CODE_SIGN_STYLE = Automatic;
				DEVELOPMENT_TEAM = L6G5K557U4;
				INFOPLIST_FILE = CurrencyCoverter/Info.plist;
				LD_RUNPATH_SEARCH_PATHS = (
					"$(inherited)",
					"@executable_path/Frameworks",
				);
				PRODUCT_BUNDLE_IDENTIFIER = com.alebedkosoftware.CurrencyCoverter;
				PRODUCT_NAME = "$(TARGET_NAME)";
				SWIFT_VERSION = 5.0;
				TARGETED_DEVICE_FAMILY = "1,2";
			};
			name = Release;
		};
/* End XCBuildConfiguration section */

/* Begin XCConfigurationList section */
		FA298E4622B620BE00FE8BE9 /* Build configuration list for PBXProject "CTranslate" */ = {
			isa = XCConfigurationList;
			buildConfigurations = (
				FA298E5B22B620C100FE8BE9 /* Debug */,
				FA298E5C22B620C100FE8BE9 /* Release */,
			);
			defaultConfigurationIsVisible = 0;
			defaultConfigurationName = Release;
		};
		FA298E5D22B620C100FE8BE9 /* Build configuration list for PBXNativeTarget "CTranslate" */ = {
			isa = XCConfigurationList;
			buildConfigurations = (
				FA298E5E22B620C100FE8BE9 /* Debug */,
				FA298E5F22B620C100FE8BE9 /* Release */,
			);
			defaultConfigurationIsVisible = 0;
			defaultConfigurationName = Release;
		};
/* End XCConfigurationList section */
	};
	rootObject = FA298E4322B620BE00FE8BE9 /* Project object */;
}
